
Microsoft Visual Studio Solution File, Format Version 12.00
# Visual Studio Version 16
VisualStudioVersion = 16.0.32126.315
MinimumVisualStudioVersion = 10.0.40219.1
Project("{FAE04EC0-301F-11D3-BF4B-00C04F79EFBC}") = "ACE7Decrypt", "ACE7Decrypt\ACE7Decrypt.csproj", "{88A998F1-C512-416F-ADED-120E50AFE6F3}"
EndProject
Global
	GlobalSection(SolutionConfigurationPlatforms) = preSolution
		Debug|Any CPU = Debug|Any CPU
		Release|Any CPU = Release|Any CPU
	EndGlobalSection
	GlobalSection(ProjectConfigurationPlatforms) = postSolution
		{88A998F1-C512-416F-ADED-120E50AFE6F3}.Debug|Any CPU.ActiveCfg = Debug|Any CPU
		{88A998F1-C512-416F-ADED-120E50AFE6F3}.Debug|Any CPU.Build.0 = Debug|Any CPU
		{88A998F1-C512-416F-ADED-120E50AFE6F3}.Release|Any CPU.ActiveCfg = Release|Any CPU
		{88A998F1-C512-416F-ADED-120E50AFE6F3}.Release|Any CPU.Build.0 = Release|Any CPU
	EndGlobalSection
	GlobalSection(SolutionProperties) = preSolution
		HideSolutionNode = FALSE
	EndGlobalSection
	GlobalSection(ExtensibilityGlobals) = postSolution
		SolutionGuid = {71FD9291-2199-4ED3-8969-2CED1A0E97CB}
	EndGlobalSection
EndGlobal
